
Microsoft Visual Studio Solution File, Format Version 12.00
# Visual Studio Version 17
VisualStudioVersion = 17.9.34616.47
MinimumVisualStudioVersion = 10.0.40219.1
Project("{9A19103F-16F7-4668-BE54-9A1E7A4F7556}") = "DataStructuresandAlgorithms", "DataStructuresandAlgorithms\DataStructuresandAlgorithms.csproj", "{73CD630A-94AC-4655-9721-DFA776747922}"
EndProject
Project("{9A19103F-16F7-4668-BE54-9A1E7A4F7556}") = "InsertingAtTheEndOfArray", "InsertingAtTheEndOfArray\InsertingAtTheEndOfArray.csproj", "{A79C77F9-A7D1-4592-B6AA-832106964770}"
EndProject
Project("{9A19103F-16F7-4668-BE54-9A1E7A4F7556}") = "InsertingAtTheStartOfArray", "InsertingAtTheStartOfArray\InsertingAtTheStartOfArray.csproj", "{E8508B40-014C-464E-A8BF-6D6128A4B426}"
EndProject
Project("{9A19103F-16F7-4668-BE54-9A1E7A4F7556}") = "InsertElementAtPosition", "InsertElementAtPosition\InsertElementAtPosition.csproj", "{A3AF73AE-CCBF-4C2B-8A55-143552F90D29}"
EndProject
Project("{9A19103F-16F7-4668-BE54-9A1E7A4F7556}") = "DeleteTheLastElement", "DeleteTheLastElement\DeleteTheLastElement.csproj", "{B2A585D6-0D6C-400C-A17D-2FF761B2E303}"
EndProject
Project("{9A19103F-16F7-4668-BE54-9A1E7A4F7556}") = "DeleteTheFirstElement", "DeleteTheFirstElement\DeleteTheFirstElement.csproj", "{BA3F6B3B-7D25-426A-8F56-19541A4419E0}"
EndProject
Project("{9A19103F-16F7-4668-BE54-9A1E7A4F7556}") = "DeleteFromAnywhere", "DeleteFromAnywhere\DeleteFromAnywhere.csproj", "{721F9A83-0AE4-4B1F-A578-6C0C79C6E0F8}"
EndProject
Project("{9A19103F-16F7-4668-BE54-9A1E7A4F7556}") = "LinearSearch", "LinearSearch\LinearSearch.csproj", "{4C3ADBBD-1FDF-4C2A-8CC0-A45314266A6C}"
EndProject
Project("{9A19103F-16F7-4668-BE54-9A1E7A4F7556}") = "BubbleSort", "BubbleSort\BubbleSort.csproj", "{03256526-29F7-4031-A0CC-F18CFC693340}"
EndProject
Project("{9A19103F-16F7-4668-BE54-9A1E7A4F7556}") = "SelectionSort", "SelectionSort\SelectionSort.csproj", "{5E7E830B-B1E5-457C-9518-A1E3740615B1}"
EndProject
Project("{9A19103F-16F7-4668-BE54-9A1E7A4F7556}") = "InsertionSort", "InsertionSort\InsertionSort.csproj", "{1A83D7C1-675A-493D-A127-8A3581D6B1B5}"
EndProject
Project("{9A19103F-16F7-4668-BE54-9A1E7A4F7556}") = "Recursion", "Recursion\Recursion.csproj", "{B29480F0-2528-4466-8F62-E5F150182A18}"
EndProject
Project("{9A19103F-16F7-4668-BE54-9A1E7A4F7556}") = "ShellSort", "ShellSort\ShellSort.csproj", "{0DFF95C2-03BE-43AB-BDA9-4C5BC791B02F}"
EndProject
Project("{9A19103F-16F7-4668-BE54-9A1E7A4F7556}") = "MergeSort", "MergeSort\MergeSort.csproj", "{814F2331-3342-4A87-BD82-17D04F29E077}"
EndProject
Project("{FAE04EC0-301F-11D3-BF4B-00C04F79EFBC}") = "QuickSort", "QuickSort\QuickSort.csproj", "{2BF06488-3456-4F39-AAEC-7E8AF66D2994}"
EndProject
Project("{FAE04EC0-301F-11D3-BF4B-00C04F79EFBC}") = "BuiltInList", "BuiltInList\BuiltInList.csproj", "{EA2241F2-9877-4212-9A40-23E73FC158FA}"
EndProject
Global
	GlobalSection(SolutionConfigurationPlatforms) = preSolution
		Debug|Any CPU = Debug|Any CPU
		Release|Any CPU = Release|Any CPU
	EndGlobalSection
	GlobalSection(ProjectConfigurationPlatforms) = postSolution
		{73CD630A-94AC-4655-9721-DFA776747922}.Debug|Any CPU.ActiveCfg = Debug|Any CPU
		{73CD630A-94AC-4655-9721-DFA776747922}.Debug|Any CPU.Build.0 = Debug|Any CPU
		{73CD630A-94AC-4655-9721-DFA776747922}.Release|Any CPU.ActiveCfg = Release|Any CPU
		{73CD630A-94AC-4655-9721-DFA776747922}.Release|Any CPU.Build.0 = Release|Any CPU
		{A79C77F9-A7D1-4592-B6AA-832106964770}.Debug|Any CPU.ActiveCfg = Debug|Any CPU
		{A79C77F9-A7D1-4592-B6AA-832106964770}.Debug|Any CPU.Build.0 = Debug|Any CPU
		{A79C77F9-A7D1-4592-B6AA-832106964770}.Release|Any CPU.ActiveCfg = Release|Any CPU
		{A79C77F9-A7D1-4592-B6AA-832106964770}.Release|Any CPU.Build.0 = Release|Any CPU
		{E8508B40-014C-464E-A8BF-6D6128A4B426}.Debug|Any CPU.ActiveCfg = Debug|Any CPU
		{E8508B40-014C-464E-A8BF-6D6128A4B426}.Debug|Any CPU.Build.0 = Debug|Any CPU
		{E8508B40-014C-464E-A8BF-6D6128A4B426}.Release|Any CPU.ActiveCfg = Release|Any CPU
		{E8508B40-014C-464E-A8BF-6D6128A4B426}.Release|Any CPU.Build.0 = Release|Any CPU
		{A3AF73AE-CCBF-4C2B-8A55-143552F90D29}.Debug|Any CPU.ActiveCfg = Debug|Any CPU
		{A3AF73AE-CCBF-4C2B-8A55-143552F90D29}.Debug|Any CPU.Build.0 = Debug|Any CPU
		{A3AF73AE-CCBF-4C2B-8A55-143552F90D29}.Release|Any CPU.ActiveCfg = Release|Any CPU
		{A3AF73AE-CCBF-4C2B-8A55-143552F90D29}.Release|Any CPU.Build.0 = Release|Any CPU
		{B2A585D6-0D6C-400C-A17D-2FF761B2E303}.Debug|Any CPU.ActiveCfg = Debug|Any CPU
		{B2A585D6-0D6C-400C-A17D-2FF761B2E303}.Debug|Any CPU.Build.0 = Debug|Any CPU
		{B2A585D6-0D6C-400C-A17D-2FF761B2E303}.Release|Any CPU.ActiveCfg = Release|Any CPU
		{B2A585D6-0D6C-400C-A17D-2FF761B2E303}.Release|Any CPU.Build.0 = Release|Any CPU
		{BA3F6B3B-7D25-426A-8F56-19541A4419E0}.Debug|Any CPU.ActiveCfg = Debug|Any CPU
		{BA3F6B3B-7D25-426A-8F56-19541A4419E0}.Debug|Any CPU.Build.0 = Debug|Any CPU
		{BA3F6B3B-7D25-426A-8F56-19541A4419E0}.Release|Any CPU.ActiveCfg = Release|Any CPU
		{BA3F6B3B-7D25-426A-8F56-19541A4419E0}.Release|Any CPU.Build.0 = Release|Any CPU
		{721F9A83-0AE4-4B1F-A578-6C0C79C6E0F8}.Debug|Any CPU.ActiveCfg = Debug|Any CPU
		{721F9A83-0AE4-4B1F-A578-6C0C79C6E0F8}.Debug|Any CPU.Build.0 = Debug|Any CPU
		{721F9A83-0AE4-4B1F-A578-6C0C79C6E0F8}.Release|Any CPU.ActiveCfg = Release|Any CPU
		{721F9A83-0AE4-4B1F-A578-6C0C79C6E0F8}.Release|Any CPU.Build.0 = Release|Any CPU
		{4C3ADBBD-1FDF-4C2A-8CC0-A45314266A6C}.Debug|Any CPU.ActiveCfg = Debug|Any CPU
		{4C3ADBBD-1FDF-4C2A-8CC0-A45314266A6C}.Debug|Any CPU.Build.0 = Debug|Any CPU
		{4C3ADBBD-1FDF-4C2A-8CC0-A45314266A6C}.Release|Any CPU.ActiveCfg = Release|Any CPU
		{4C3ADBBD-1FDF-4C2A-8CC0-A45314266A6C}.Release|Any CPU.Build.0 = Release|Any CPU
		{03256526-29F7-4031-A0CC-F18CFC693340}.Debug|Any CPU.ActiveCfg = Debug|Any CPU
		{03256526-29F7-4031-A0CC-F18CFC693340}.Debug|Any CPU.Build.0 = Debug|Any CPU
		{03256526-29F7-4031-A0CC-F18CFC693340}.Release|Any CPU.ActiveCfg = Release|Any CPU
		{03256526-29F7-4031-A0CC-F18CFC693340}.Release|Any CPU.Build.0 = Release|Any CPU
		{5E7E830B-B1E5-457C-9518-A1E3740615B1}.Debug|Any CPU.ActiveCfg = Debug|Any CPU
		{5E7E830B-B1E5-457C-9518-A1E3740615B1}.Debug|Any CPU.Build.0 = Debug|Any CPU
		{5E7E830B-B1E5-457C-9518-A1E3740615B1}.Release|Any CPU.ActiveCfg = Release|Any CPU
		{5E7E830B-B1E5-457C-9518-A1E3740615B1}.Release|Any CPU.Build.0 = Release|Any CPU
		{1A83D7C1-675A-493D-A127-8A3581D6B1B5}.Debug|Any CPU.ActiveCfg = Debug|Any CPU
		{1A83D7C1-675A-493D-A127-8A3581D6B1B5}.Debug|Any CPU.Build.0 = Debug|Any CPU
		{1A83D7C1-675A-493D-A127-8A3581D6B1B5}.Release|Any CPU.ActiveCfg = Release|Any CPU
		{1A83D7C1-675A-493D-A127-8A3581D6B1B5}.Release|Any CPU.Build.0 = Release|Any CPU
		{B29480F0-2528-4466-8F62-E5F150182A18}.Debug|Any CPU.ActiveCfg = Debug|Any CPU
		{B29480F0-2528-4466-8F62-E5F150182A18}.Debug|Any CPU.Build.0 = Debug|Any CPU
		{B29480F0-2528-4466-8F62-E5F150182A18}.Release|Any CPU.ActiveCfg = Release|Any CPU
		{B29480F0-2528-4466-8F62-E5F150182A18}.Release|Any CPU.Build.0 = Release|Any CPU
		{0DFF95C2-03BE-43AB-BDA9-4C5BC791B02F}.Debug|Any CPU.ActiveCfg = Debug|Any CPU
		{0DFF95C2-03BE-43AB-BDA9-4C5BC791B02F}.Debug|Any CPU.Build.0 = Debug|Any CPU
		{0DFF95C2-03BE-43AB-BDA9-4C5BC791B02F}.Release|Any CPU.ActiveCfg = Release|Any CPU
		{0DFF95C2-03BE-43AB-BDA9-4C5BC791B02F}.Release|Any CPU.Build.0 = Release|Any CPU
		{814F2331-3342-4A87-BD82-17D04F29E077}.Debug|Any CPU.ActiveCfg = Debug|Any CPU
		{814F2331-3342-4A87-BD82-17D04F29E077}.Debug|Any CPU.Build.0 = Debug|Any CPU
		{814F2331-3342-4A87-BD82-17D04F29E077}.Release|Any CPU.ActiveCfg = Release|Any CPU
		{814F2331-3342-4A87-BD82-17D04F29E077}.Release|Any CPU.Build.0 = Release|Any CPU
		{2BF06488-3456-4F39-AAEC-7E8AF66D2994}.Debug|Any CPU.ActiveCfg = Debug|Any CPU
		{2BF06488-3456-4F39-AAEC-7E8AF66D2994}.Debug|Any CPU.Build.0 = Debug|Any CPU
		{2BF06488-3456-4F39-AAEC-7E8AF66D2994}.Release|Any CPU.ActiveCfg = Release|Any CPU
		{2BF06488-3456-4F39-AAEC-7E8AF66D2994}.Release|Any CPU.Build.0 = Release|Any CPU
		{EA2241F2-9877-4212-9A40-23E73FC158FA}.Debug|Any CPU.ActiveCfg = Debug|Any CPU
		{EA2241F2-9877-4212-9A40-23E73FC158FA}.Debug|Any CPU.Build.0 = Debug|Any CPU
		{EA2241F2-9877-4212-9A40-23E73FC158FA}.Release|Any CPU.ActiveCfg = Release|Any CPU
		{EA2241F2-9877-4212-9A40-23E73FC158FA}.Release|Any CPU.Build.0 = Release|Any CPU
	EndGlobalSection
	GlobalSection(SolutionProperties) = preSolution
		HideSolutionNode = FALSE
	EndGlobalSection
	GlobalSection(ExtensibilityGlobals) = postSolution
		SolutionGuid = {FB3E2F1A-C31A-43D7-95FB-C836D2A26D3D}
	EndGlobalSection
EndGlobal
